
Microsoft Visual Studio Solution File, Format Version 12.00
# Visual Studio Version 17
VisualStudioVersion = 17.3.32804.467
MinimumVisualStudioVersion = 10.0.40219.1
Project("{2150E333-8FDC-42A3-9474-1A3956D46DE8}") = "01-Domain", "01-Domain", "{DE03CA4F-8D23-4545-A31E-7276298D79F8}"
EndProject
Project("{2150E333-8FDC-42A3-9474-1A3956D46DE8}") = "02-DataAccess", "02-DataAccess", "{4BD9A300-B65C-4C1F-9190-C5C0349081D8}"
EndProject
Project("{2150E333-8FDC-42A3-9474-1A3956D46DE8}") = "03-BusinessObject", "03-BusinessObject", "{3A4782F7-CD80-4B12-A3CF-056DD0B58B3E}"
EndProject
Project("{2150E333-8FDC-42A3-9474-1A3956D46DE8}") = "04-BusinessLogic", "04-BusinessLogic", "{820E0C2A-0CC3-4FCF-8483-9FAA13F6C498}"
EndProject
Project("{2150E333-8FDC-42A3-9474-1A3956D46DE8}") = "05-Presentation", "05-Presentation", "{A601367E-2214-4D69-8517-DCF33B5BA901}"
EndProject
Project("{FAE04EC0-301F-11D3-BF4B-00C04F79EFBC}") = "PRODUCT.DL", "PRODUCT.DL\PRODUCT.DL.csproj", "{060FE6FF-C522-4741-95C1-57D78111CAAC}"
EndProject
Project("{FAE04EC0-301F-11D3-BF4B-00C04F79EFBC}") = "PRODUCT.DAL", "PRODUCT.DAL\PRODUCT.DAL.csproj", "{0312F963-26A4-420A-AEAE-E8CBB052FCE5}"
EndProject
Project("{FAE04EC0-301F-11D3-BF4B-00C04F79EFBC}") = "PRODUCT.BOL", "PRODUCT.BOL\PRODUCT.BOL.csproj", "{AD7BBBC0-E90E-4745-89FF-C4EE3F740BBF}"
EndProject
Project("{FAE04EC0-301F-11D3-BF4B-00C04F79EFBC}") = "PRODUCT.BLL", "PRODUCT.BLL\PRODUCT.BLL.csproj", "{0A8406D8-0DCC-44EC-8709-9FDF85911807}"
EndProject
Project("{FAE04EC0-301F-11D3-BF4B-00C04F79EFBC}") = "PRODUCT.UI", "PRODUCT.UI\PRODUCT.UI.csproj", "{13D974A5-7E53-474C-8EB3-B3A9B7DA28F2}"
EndProject
Global
	GlobalSection(SolutionConfigurationPlatforms) = preSolution
		Debug|Any CPU = Debug|Any CPU
		Release|Any CPU = Release|Any CPU
	EndGlobalSection
	GlobalSection(ProjectConfigurationPlatforms) = postSolution
		{060FE6FF-C522-4741-95C1-57D78111CAAC}.Debug|Any CPU.ActiveCfg = Debug|Any CPU
		{060FE6FF-C522-4741-95C1-57D78111CAAC}.Debug|Any CPU.Build.0 = Debug|Any CPU
		{060FE6FF-C522-4741-95C1-57D78111CAAC}.Release|Any CPU.ActiveCfg = Release|Any CPU
		{060FE6FF-C522-4741-95C1-57D78111CAAC}.Release|Any CPU.Build.0 = Release|Any CPU
		{0312F963-26A4-420A-AEAE-E8CBB052FCE5}.Debug|Any CPU.ActiveCfg = Debug|Any CPU
		{0312F963-26A4-420A-AEAE-E8CBB052FCE5}.Debug|Any CPU.Build.0 = Debug|Any CPU
		{0312F963-26A4-420A-AEAE-E8CBB052FCE5}.Release|Any CPU.ActiveCfg = Release|Any CPU
		{0312F963-26A4-420A-AEAE-E8CBB052FCE5}.Release|Any CPU.Build.0 = Release|Any CPU
		{AD7BBBC0-E90E-4745-89FF-C4EE3F740BBF}.Debug|Any CPU.ActiveCfg = Debug|Any CPU
		{AD7BBBC0-E90E-4745-89FF-C4EE3F740BBF}.Debug|Any CPU.Build.0 = Debug|Any CPU
		{AD7BBBC0-E90E-4745-89FF-C4EE3F740BBF}.Release|Any CPU.ActiveCfg = Release|Any CPU
		{AD7BBBC0-E90E-4745-89FF-C4EE3F740BBF}.Release|Any CPU.Build.0 = Release|Any CPU
		{0A8406D8-0DCC-44EC-8709-9FDF85911807}.Debug|Any CPU.ActiveCfg = Debug|Any CPU
		{0A8406D8-0DCC-44EC-8709-9FDF85911807}.Debug|Any CPU.Build.0 = Debug|Any CPU
		{0A8406D8-0DCC-44EC-8709-9FDF85911807}.Release|Any CPU.ActiveCfg = Release|Any CPU
		{0A8406D8-0DCC-44EC-8709-9FDF85911807}.Release|Any CPU.Build.0 = Release|Any CPU
		{13D974A5-7E53-474C-8EB3-B3A9B7DA28F2}.Debug|Any CPU.ActiveCfg = Debug|Any CPU
		{13D974A5-7E53-474C-8EB3-B3A9B7DA28F2}.Debug|Any CPU.Build.0 = Debug|Any CPU
		{13D974A5-7E53-474C-8EB3-B3A9B7DA28F2}.Release|Any CPU.ActiveCfg = Release|Any CPU
		{13D974A5-7E53-474C-8EB3-B3A9B7DA28F2}.Release|Any CPU.Build.0 = Release|Any CPU
	EndGlobalSection
	GlobalSection(SolutionProperties) = preSolution
		HideSolutionNode = FALSE
	EndGlobalSection
	GlobalSection(NestedProjects) = preSolution
		{060FE6FF-C522-4741-95C1-57D78111CAAC} = {DE03CA4F-8D23-4545-A31E-7276298D79F8}
		{0312F963-26A4-420A-AEAE-E8CBB052FCE5} = {4BD9A300-B65C-4C1F-9190-C5C0349081D8}
		{AD7BBBC0-E90E-4745-89FF-C4EE3F740BBF} = {3A4782F7-CD80-4B12-A3CF-056DD0B58B3E}
		{0A8406D8-0DCC-44EC-8709-9FDF85911807} = {820E0C2A-0CC3-4FCF-8483-9FAA13F6C498}
		{13D974A5-7E53-474C-8EB3-B3A9B7DA28F2} = {A601367E-2214-4D69-8517-DCF33B5BA901}
	EndGlobalSection
	GlobalSection(ExtensibilityGlobals) = postSolution
		SolutionGuid = {C8915E5F-BA58-41B0-9C8F-E8780D0A6F49}
	EndGlobalSection
EndGlobal
